{
  "name": "browservs_node",
  "version": "1.0.0",
  "lockfileVersion": 3,
  "requires": true,
  "packages": {
    "": {
      "name": "browservs_node",
      "version": "1.0.0",
      "license": "ISC",
      "dependencies": {
        "@GolubchikovKirill/browservsnode": "^1.0.0"
      }
    },
    "node_modules/@GolubchikovKirill/browservsnode": {
      "version": "1.0.0",
      "resolved": "https://npm.pkg.github.com/download/@GolubchikovKirill/browservsnode/1.0.0/ba478e198a02a69e4668df0facd98b7e92227316",
      "integrity": "sha512-R1w8FpznmsYihTKerzNuvdw4Z/wXKWIjdVX52Tla0YUy5XFAWWvgeM5fkFwHSBPE8LpRiD60WUdDPCH7+D39ZQ==",
      "license": "ISC"
    }
  }
}
